
Microsoft Visual Studio Solution File, Format Version 11.00
# Visual Studio 2010
Project("{888888A0-9F3D-457C-B088-3A5042F75D52}") = "SSW-Lanxess_Researomatic_Sprayer", "SSW-Lanxess_Researomatic_Sprayer\SSW-Lanxess_Researomatic_Sprayer.pyproj", "{998A499D-29D8-43FB-99F7-6D6E88A49970}"
EndProject
Global
	GlobalSection(SolutionConfigurationPlatforms) = preSolution
		Debug|Any CPU = Debug|Any CPU
		Release|Any CPU = Release|Any CPU
	EndGlobalSection
	GlobalSection(ProjectConfigurationPlatforms) = postSolution
		{998A499D-29D8-43FB-99F7-6D6E88A49970}.Debug|Any CPU.ActiveCfg = Debug|Any CPU
		{998A499D-29D8-43FB-99F7-6D6E88A49970}.Release|Any CPU.ActiveCfg = Release|Any CPU
	EndGlobalSection
	GlobalSection(SolutionProperties) = preSolution
		HideSolutionNode = FALSE
	EndGlobalSection
EndGlobal
